lockfileVersion: '9.0'

settings:
  autoInstallPeers: true
  excludeLinksFromLockfile: false

importers:

  .:
    devDependencies:
      '@rslib/core':
        specifier: ^0.4.0
        version: 0.4.0(typescript@5.7.3)
      '@rspress/shared':
        specifier: ^1.40.2
        version: 1.40.2
      '@types/node':
        specifier: ^22.13.0
        version: 22.13.0
      prettier:
        specifier: ^3.4.2
        version: 3.4.2
      typescript:
        specifier: ^5.7.3
        version: 5.7.3

packages:

  '@jridgewell/sourcemap-codec@1.5.0':
    resolution: {integrity: sha512-gv3ZRaISU3fjPAgNsriBRqGWQL6quFx04YMPW/zD8XMLsU32mhCCbfbO6KZFLjvYpCZ8zyDEgqsgf+PwPaM7GQ==}

  '@module-federation/error-codes@0.8.4':
    resolution: {integrity: sha512-55LYmrDdKb4jt+qr8qE8U3al62ZANp3FhfVaNPOaAmdTh0jHdD8M3yf5HKFlr5xVkVO4eV/F/J2NCfpbh+pEXQ==}

  '@module-federation/runtime-tools@0.8.4':
    resolution: {integrity: sha512-fjVOsItJ1u5YY6E9FnS56UDwZgqEQUrWFnouRiPtK123LUuqUI9FH4redZoKWlE1PB0ir1Z3tnqy8eFYzPO38Q==}

  '@module-federation/runtime@0.8.4':
    resolution: {integrity: sha512-yZeZ7z2Rx4gv/0E97oLTF3V6N25vglmwXGgoeju/W2YjsFvWzVtCDI7zRRb0mJhU6+jmSM8jP1DeQGbea/AiZQ==}

  '@module-federation/sdk@0.8.4':
    resolution: {integrity: sha512-waABomIjg/5m1rPDBWYG4KUhS5r7OUUY7S+avpaVIY/tkPWB3ibRDKy2dNLLAMaLKq0u+B1qIdEp4NIWkqhqpg==}

  '@module-federation/webpack-bundler-runtime@0.8.4':
    resolution: {integrity: sha512-HggROJhvHPUX7uqBD/XlajGygMNM1DG0+4OAkk8MBQe4a18QzrRNzZt6XQbRTSG4OaEoyRWhQHvYD3Yps405tQ==}

  '@rsbuild/core@1.2.0':
    resolution: {integrity: sha512-dyAok2W0kv6l2i1MspQZPgUjipuNYl62LusFfgAYCbk6fRmQwZQo8QjPeY6jSDl5/wDDYqIaL/9kZXrAh7Cn3g==}
    engines: {node: '>=16.7.0'}
    hasBin: true

  '@rsbuild/core@1.2.3':
    resolution: {integrity: sha512-lUCt8gQe9E2PI3srcEJ1Na3GQYmsYuvAqK0f/k00HM0pEjrbOFC9Xq2kR85UoXHFqlTCIw/fLLDe91PKRCbKAw==}
    engines: {node: '>=16.7.0'}
    hasBin: true

  '@rslib/core@0.4.0':
    resolution: {integrity: sha512-dONhz7PsooyGUdSQbJRzlsCXgOKrP5NyW1dzcNBvfLHr13nd2anCCZzFdQXb/g7772h5moj+EkTEo982AmUeJQ==}
    engines: {node: '>=16.0.0'}
    hasBin: true
    peerDependencies:
      '@microsoft/api-extractor': ^7
      typescript: ^5
    peerDependenciesMeta:
      '@microsoft/api-extractor':
        optional: true
      typescript:
        optional: true

  '@rspack/binding-darwin-arm64@1.2.0':
    resolution: {integrity: sha512-FXmouSPt6BAA4JdNpJQNnvL8L1m9w67NgyCBVG0hX5f6QkWLaAoRApuC2mPYkwSLJ4DjdfIt2Tdu+hsXk7UKnA==}
    cpu: [arm64]
    os: [darwin]

  '@rspack/binding-darwin-arm64@1.2.2':
    resolution: {integrity: sha512-h23F8zEkXWhwMeScm0ZnN78Zh7hCDalxIWsm7bBS0eKadnlegUDwwCF8WE+8NjWr7bRzv0p3QBWlS5ufkcL4eA==}
    cpu: [arm64]
    os: [darwin]

  '@rspack/binding-darwin-x64@1.2.0':
    resolution: {integrity: sha512-Z1lo83dMcxsgvY+x28iqek7Gj3Xv8xX8GX2A5aqkziUtP4aGgSHBKyxgjTPWZVyA0YM6txp0qR/e+2pxAgg4vw==}
    cpu: [x64]
    os: [darwin]

  '@rspack/binding-darwin-x64@1.2.2':
    resolution: {integrity: sha512-vG5s7FkEvwrGLfksyDRHwKAHUkhZt1zHZZXJQn4gZKjTBonje8ezdc7IFlDiWpC4S+oBYp73nDWkUzkGRbSdcQ==}
    cpu: [x64]
    os: [darwin]

  '@rspack/binding-linux-arm64-gnu@1.2.0':
    resolution: {integrity: sha512-6ZYK5kF8KvQ7lhnCwUSJReSBJ7E5RROeFZgFaU9NXV6s5UDM/2/zMve5nKtzv38lGuYrFPI2oQuuaz3zEeoNPQ==}
    cpu: [arm64]
    os: [linux]

  '@rspack/binding-linux-arm64-gnu@1.2.2':
    resolution: {integrity: sha512-VykY/kiYOzO8E1nYzfJ9+gQEHxb5B6lt5wa8M6xFi5B6jEGU+OsaGskmAZB9/GFImeFDHxDPvhUalI4R9p8O2Q==}
    cpu: [arm64]
    os: [linux]

  '@rspack/binding-linux-arm64-musl@1.2.0':
    resolution: {integrity: sha512-WI197iCA+SHLmnBozedSSwCAeTGM9lBYo4SjxLo24Du0FTdTUI44rFS0g8yRbLoFy4LTzcVEEtKqOW4tnlDLow==}
    cpu: [arm64]
    os: [linux]

  '@rspack/binding-linux-arm64-musl@1.2.2':
    resolution: {integrity: sha512-Z5vAC4wGfXi8XXZ6hs8Q06TYjr3zHf819HB4DI5i4C1eQTeKdZSyoFD0NHFG23bP4NWJffp8KhmoObcy9jBT5Q==}
    cpu: [arm64]
    os: [linux]

  '@rspack/binding-linux-x64-gnu@1.2.0':
    resolution: {integrity: sha512-dfaHOz07HdZLslKNgDtTR13CHoogUMsSPRr9cpTwIYOUeseaxkowHqE05KcNdxRV+N7WAwZRbsHupFw35ECY0w==}
    cpu: [x64]
    os: [linux]

  '@rspack/binding-linux-x64-gnu@1.2.2':
    resolution: {integrity: sha512-o3pDaL+cH5EeRbDE9gZcdZpBgp5iXvYZBBhe8vZQllYgI4zN5MJEuleV7WplG3UwTXlgZg3Kht4RORSOPn96vg==}
    cpu: [x64]
    os: [linux]

  '@rspack/binding-linux-x64-musl@1.2.0':
    resolution: {integrity: sha512-1ioVAoi0K+1JlqFIEzTd0Z00eeIYu0F/fDRY1wCNJlPWMjenmTn0lzygPyb/4ndv9kXhqKc/6a2vvVkO+R0sTg==}
    cpu: [x64]
    os: [linux]

  '@rspack/binding-linux-x64-musl@1.2.2':
    resolution: {integrity: sha512-RE3e0xe4DdchHssttKzryDwjLkbrNk/4H59TkkWeGYJcLw41tmcOZVFQUOwKLUvXWVyif/vjvV/w1SMlqB4wQg==}
    cpu: [x64]
    os: [linux]

  '@rspack/binding-win32-arm64-msvc@1.2.0':
    resolution: {integrity: sha512-CMk4CsQZuzZgoOZ6BGIodS1SwhrxEZiF3fVXfSrBk0R0Hb2bi9wwQPuDmmK3FwDRXS/incmp0YhPQOP/Mzq8GQ==}
    cpu: [arm64]
    os: [win32]

  '@rspack/binding-win32-arm64-msvc@1.2.2':
    resolution: {integrity: sha512-R+PKBYn6uzTaDdVqTHvjqiJPBr5ZHg1wg5UmFDLNH9OklzVFyQh1JInSdJRb7lzfzTRz6bEkkwUFBPQK/CGScw==}
    cpu: [arm64]
    os: [win32]

  '@rspack/binding-win32-ia32-msvc@1.2.0':
    resolution: {integrity: sha512-Zm2DoLZmx8t4vxkOKF478y4P/O4sDQ6eZW3fVw1GUNI/B/lX/XwnAfYPKZEtTde9PQ/lFm29VRTH330TRVhagQ==}
    cpu: [ia32]
    os: [win32]

  '@rspack/binding-win32-ia32-msvc@1.2.2':
    resolution: {integrity: sha512-dBqz3sRAGZ2f31FgzKLDvIRfq2haRP3X3XVCT0PsiMcvt7QJng+26aYYMy2THatd/nM8IwExYeitHWeiMBoruw==}
    cpu: [ia32]
    os: [win32]

  '@rspack/binding-win32-x64-msvc@1.2.0':
    resolution: {integrity: sha512-R2ICWiofKFR49A/CC8PIrPzf9tcCqYS3i8BlXCWKFU0Fy5t4uK8/xIml4lV5KCHSsDsE5c4c2tRm9E6FC8J1aw==}
    cpu: [x64]
    os: [win32]

  '@rspack/binding-win32-x64-msvc@1.2.2':
    resolution: {integrity: sha512-eeAvaN831KG553cMSHkVldyk6YQn4ujgRHov6r1wtREq7CD3/ka9LMkJUepCN85K7XtwYT0N4KpFIQyf5GTGoA==}
    cpu: [x64]
    os: [win32]

  '@rspack/binding@1.2.0':
    resolution: {integrity: sha512-Y2DBqzmK+s0mecDKGPujTAZXdwQ62+TezNuIlkA8aKG3YLWTVcUB46Yj3ybNEspohrO+ts8ltksi0drsuGWxkQ==}

  '@rspack/binding@1.2.2':
    resolution: {integrity: sha512-GCZwpGFYlLTdJ2soPLwjw9z4LSZ+GdpbHNfBt3Cm/f/bAF8n6mZc7dHUqN893RFh7MPU17HNEL3fMw7XR+6pHg==}

  '@rspack/core@1.2.0':
    resolution: {integrity: sha512-mlALDjPifZpVAC4ML037FvkyCUbNMD2+GLwb1TZhuyVguKpI3FrJab8Zs7+nLvN3pbpWqAb6YBhyqmwCFdb1nw==}
    engines: {node: '>=16.0.0'}
    peerDependencies:
      '@rspack/tracing': ^1.x
      '@swc/helpers': '>=0.5.1'
    peerDependenciesMeta:
      '@rspack/tracing':
        optional: true
      '@swc/helpers':
        optional: true

  '@rspack/core@1.2.2':
    resolution: {integrity: sha512-EeHAmY65Uj62hSbUKesbrcWGE7jfUI887RD03G++Gj8jS4WPHEu1TFODXNOXg6pa7zyIvs2BK0Bm16Kwz8AEaQ==}
    engines: {node: '>=16.0.0'}
    peerDependencies:
      '@rspack/tracing': ^1.x
      '@swc/helpers': '>=0.5.1'
    peerDependenciesMeta:
      '@rspack/tracing':
        optional: true
      '@swc/helpers':
        optional: true

  '@rspack/lite-tapable@1.0.1':
    resolution: {integrity: sha512-VynGOEsVw2s8TAlLf/uESfrgfrq2+rcXB1muPJYBWbsm1Oa6r5qVQhjA5ggM6z/coYPrsVMgovl3Ff7Q7OCp1w==}
    engines: {node: '>=16.0.0'}

  '@rspress/shared@1.40.2':
    resolution: {integrity: sha512-PCMcSNf2c4UC3aMBRqIgtEJgg23y7FWhGWwT2PfSvmTYEVz9p0S6HWluPenJ/+CHvgc54BPes7dYxiMn/r0kCg==}

  '@swc/helpers@0.5.15':
    resolution: {integrity: sha512-JQ5TuMi45Owi4/BIMAJBoSQoOJu12oOk/gADqlcUL9JEdHB8vyjUSsxqeNXnmXHjYKMi2WcYtezGEEhqUI/E2g==}

  '@types/node@22.13.0':
    resolution: {integrity: sha512-ClIbNe36lawluuvq3+YYhnIN2CELi+6q8NpnM7PYp4hBn/TatfboPgVSm2rwKRfnV2M+Ty9GWDFI64KEe+kysA==}

  '@types/unist@2.0.10':
    resolution: {integrity: sha512-IfYcSBWE3hLpBg8+X2SEa8LVkJdJEkT2Ese2aaLs3ptGdVtABxndrMaxuFlQ1qdFf9Q5rDvDpxI3WwgvKFAsQA==}

  argparse@1.0.10:
    resolution: {integrity: sha512-o5Roy6tNG4SL/FOkCAN6RzjiakZS25RLYFrcMttJqbdd8BWrnA+fGz57iN5Pb06pvBGvl5gQ0B48dJlslXvoTg==}

  bail@2.0.2:
    resolution: {integrity: sha512-0xO6mYd7JB2YesxDKplafRpsiOzPt9V02ddPCLbY1xYGPOX24NTyN50qnUxgCPcSoYMhKpAuBTjQoRZCAkUDRw==}

  caniuse-lite@1.0.30001679:
    resolution: {integrity: sha512-j2YqID/YwpLnKzCmBOS4tlZdWprXm3ZmQLBH9ZBXFOhoxLA46fwyBvx6toCBWBmnuwUY/qB3kEU6gFx8qgCroA==}

  chalk@5.4.1:
    resolution: {integrity: sha512-zgVZuo2WcZgfUEmsn6eO3kINexW8RAE4maiQ8QNs8CtpPCSyMiYsULR3HQYkm3w8FIA3SberyMJMSldGsW+U3w==}
    engines: {node: ^12.17.0 || ^14.13 || >=16.0.0}

  core-js@3.40.0:
    resolution: {integrity: sha512-7vsMc/Lty6AGnn7uFpYT56QesI5D2Y/UkgKounk87OP9Z2H9Z8kj6jzcSGAxFmUtDOS0ntK6lbQz+Nsa0Jj6mQ==}

  cross-spawn@7.0.3:
    resolution: {integrity: sha512-iRDPJKUPVEND7dHPO8rkbOnPpyDygcDFtWjpeWNCgy8WP2rXcxXL8TskReQl6OrB2G7+UJrags1q15Fudc7G6w==}
    engines: {node: '>= 8'}

  esprima@4.0.1:
    resolution: {integrity: sha512-eGuFFw7Upda+g4p+QHvnW0RyTX/SVeJBDM/gCtMARO0cLuT2HcEKnTPvhjV6aGeqrCB/sbNop0Kszm0jsaWU4A==}
    engines: {node: '>=4'}
    hasBin: true

  execa@5.1.1:
    resolution: {integrity: sha512-8uSpZZocAZRBAPIEINJj3Lo9HyGitllczc27Eh5YYojjMFMn8yHMDMaUHE2Jqfq05D/wucwI4JGURyXt1vchyg==}
    engines: {node: '>=10'}

  extend-shallow@2.0.1:
    resolution: {integrity: sha512-zCnTtlxNoAiDc3gqY2aYAWFx7XWWiasuF2K8Me5WbN8otHKTUKBwjPtNpRs/rbUZm7KxWAaNj7P1a/p52GbVug==}
    engines: {node: '>=0.10.0'}

  extend@3.0.2:
    resolution: {integrity: sha512-fjquC59cD7CyW6urNXK0FBufkZcoiGG80wTuPujX590cB5Ttln20E2UB4S/WARVqhXffZl2LNgS+gQdPIIim/g==}

  fdir@6.4.2:
    resolution: {integrity: sha512-KnhMXsKSPZlAhp7+IjUkRZKPb4fUyccpDrdFXbi4QL1qkmFh9kVY09Yox+n4MaOb3lHZ1Tv829C3oaaXoMYPDQ==}
    peerDependencies:
      picomatch: ^3 || ^4
    peerDependenciesMeta:
      picomatch:
        optional: true

  fs-extra@11.2.0:
    resolution: {integrity: sha512-PmDi3uwK5nFuXh7XDTlVnS17xJS7vW36is2+w3xcv8SVxiB4NyATf4ctkVY5bkSjX0Y4nbvZCq1/EjtEyr9ktw==}
    engines: {node: '>=14.14'}

  get-stream@6.0.1:
    resolution: {integrity: sha512-ts6Wi+2j3jQjqi70w5AlN8DFnkSwC+MqmxEzdEALB2qXZYV3X/b1CTfgPLGJNMeAWxdPfU8FO1ms3NUfaHCPYg==}
    engines: {node: '>=10'}

  graceful-fs@4.2.10:
    resolution: {integrity: sha512-9ByhssR2fPVsNZj478qUUbKfmL0+t5BDVyjShtyZZLiK7ZDAArFFfopyOTj0M05wE2tJPisA4iTnnXl2YoPvOA==}

  gray-matter@4.0.3:
    resolution: {integrity: sha512-5v6yZd4JK3eMI3FqqCouswVqwugaA9r4dNZB1wwcmrD02QkV5H0y7XBQW8QwQqEaZY1pM9aqORSORhJRdNK44Q==}
    engines: {node: '>=6.0'}

  human-signals@2.1.0:
    resolution: {integrity: sha512-B4FFZ6q/T2jhhksgkbEW3HBvWIfDW85snkQgawt07S7J5QXTk6BkNV+0yAeZrM5QpMAdYlocGoljn0sJ/WQkFw==}
    engines: {node: '>=10.17.0'}

  is-buffer@2.0.5:
    resolution: {integrity: sha512-i2R6zNFDwgEHJyQUtJEk0XFi1i0dPFn/oqjK3/vPCcDeJvW5NQ83V8QbicfF1SupOaB0h8ntgBC2YiE7dfyctQ==}
    engines: {node: '>=4'}

  is-extendable@0.1.1:
    resolution: {integrity: sha512-5BMULNob1vgFX6EjQw5izWDxrecWK9AM72rugNr0TFldMOi0fj6Jk+zeKIt0xGj4cEfQIJth4w3OKWOJ4f+AFw==}
    engines: {node: '>=0.10.0'}

  is-plain-obj@4.1.0:
    resolution: {integrity: sha512-+Pgi+vMuUNkJyExiMBt5IlFoMyKnr5zhJ4Uspz58WOhBF5QoIZkFyNHIbBAtHwzVAgk5RtndVNsDRN61/mmDqg==}
    engines: {node: '>=12'}

  is-stream@2.0.1:
    resolution: {integrity: sha512-hFoiJiTl63nn+kstHGBtewWSKnQLpyb155KHheA1l39uvtO9nWIop1p3udqPcUd/xbF1VLMO4n7OI6p7RbngDg==}
    engines: {node: '>=8'}

  isexe@2.0.0:
    resolution: {integrity: sha512-RHxMLp9lnKHGHRng9QFhRCMbYAcVpn69smSGcq3f36xjgVVWThj4qqLbTLlq7Ssj8B+fIQ1EuCEGI2lKsyQeIw==}

  isomorphic-rslog@0.0.6:
    resolution: {integrity: sha512-HM0q6XqQ93psDlqvuViNs/Ea3hAyGDkIdVAHlrEocjjAwGrs1fZ+EdQjS9eUPacnYB7Y8SoDdSY3H8p3ce205A==}
    engines: {node: '>=14.17.6'}

  js-yaml@3.14.1:
    resolution: {integrity: sha512-okMH7OXXJ7YrN9Ok3/SXrnu4iX9yOk+25nqX4imS2npuvTYDmo/QEZoqwZkYaIDk3jVvBOTOIEgEhaLOynBS9g==}
    hasBin: true

  jsonfile@6.1.0:
    resolution: {integrity: sha512-5dgndWOriYSm5cnYaJNhalLNDKOqFwyDB/rr1E9ZsGciGvKPs8R2xYGCacuf3z6K1YKDz182fd+fY3cn3pMqXQ==}

  kind-of@6.0.3:
    resolution: {integrity: sha512-dcS1ul+9tmeD95T+x28/ehLgd9mENa3LsvDTtzm3vyBEO7RPptvAD+t44WVXaUjTBRcrpFeFlC8WCruUR456hw==}
    engines: {node: '>=0.10.0'}

  lodash-es@4.17.21:
    resolution: {integrity: sha512-mKnC+QJ9pWVzv+C4/U3rRsHapFfHvQFoFB92e52xeyGMcX6/OlIl78je1u8vePzYZSkkogMPJ2yjxxsb89cxyw==}

  magic-string@0.30.17:
    resolution: {integrity: sha512-sNPKHvyjVf7gyjwS4xGTaW/mCnF8wnjtifKBEhxfZ7E/S8tQ0rssrwGNn6q8JH/ohItJfSQp9mBtQYuTlH5QnA==}

  merge-stream@2.0.0:
    resolution: {integrity: sha512-abv/qOcuPfk3URPfDzmZU1LKmuw8kT+0nIHvKrKgFrwifol/doWcdA4ZqsWQ8ENrFKkd67Mfpo/LovbIUsbt3w==}

  mimic-fn@2.1.0:
    resolution: {integrity: sha512-OqbOk5oEQeAZ8WXWydlu9HJjz9WVdEIvamMCcXmuqUYjTknH/sqsWvhQ3vgwKFRR1HpjvNBKQ37nbJgYzGqGcg==}
    engines: {node: '>=6'}

  npm-run-path@4.0.1:
    resolution: {integrity: sha512-S48WzZW777zhNIrn7gxOlISNAqi9ZC/uQFnRdbeIHhZhCA6UqpkOT8T1G7BvfdgP4Er8gF4sUbaS0i7QvIfCWw==}
    engines: {node: '>=8'}

  onetime@5.1.2:
    resolution: {integrity: sha512-kbpaSSGJTWdAY5KPVeMOKXSrPtr8C8C7wodJbcsd51jRnmD+GZu8Y0VoU6Dm5Z4vWr0Ig/1NKuWRKf7j5aaYSg==}
    engines: {node: '>=6'}

  path-key@3.1.1:
    resolution: {integrity: sha512-ojmeN0qd+y0jszEtoY48r0Peq5dwMEkIlCOu6Q5f41lfkswXuKtYrhgoTpLnyIcHm24Uhqx+5Tqm2InSwLhE6Q==}
    engines: {node: '>=8'}

  picocolors@1.1.1:
    resolution: {integrity: sha512-xceH2snhtb5M9liqDsmEw56le376mTZkEX/jEb/RxNFyegNul7eNslCXP9FDj/Lcu0X8KEyMceP2ntpaHrDEVA==}

  picomatch@4.0.2:
    resolution: {integrity: sha512-M7BAV6Rlcy5u+m6oPhAPFgJTzAioX/6B0DxyvDlo9l8+T3nLKbrczg2WLUyzd45L8RqfUMyGPzekbMvX2Ldkwg==}
    engines: {node: '>=12'}

  prettier@3.4.2:
    resolution: {integrity: sha512-e9MewbtFo+Fevyuxn/4rrcDAaq0IYxPGLvObpQjiZBMAzB9IGmzlnG9RZy3FFas+eBMu2vA0CszMeduow5dIuQ==}
    engines: {node: '>=14'}
    hasBin: true

  rsbuild-plugin-dts@0.4.0:
    resolution: {integrity: sha512-Yjr+6iSY/TgV2jd+bY8J0wFe3RSBZaj766ygIMmILBacWUmaxnyIXnXjiIR3KDO7fxSwUYZzqqvpSgrRoVCk6g==}
    engines: {node: '>=16.0.0'}
    peerDependencies:
      '@microsoft/api-extractor': ^7
      '@rsbuild/core': 1.x
      typescript: ^5
    peerDependenciesMeta:
      '@microsoft/api-extractor':
        optional: true
      typescript:
        optional: true

  section-matter@1.0.0:
    resolution: {integrity: sha512-vfD3pmTzGpufjScBh50YHKzEu2lxBWhVEHsNGoEXmCmn2hKGfeNLYMzCJpe8cD7gqX7TJluOVpBkAequ6dgMmA==}
    engines: {node: '>=4'}

  shebang-command@2.0.0:
    resolution: {integrity: sha512-kHxr2zZpYtdmrN1qDjrrX/Z1rR1kG8Dx+gkpK1G4eXmvXswmcE1hTWBWYUzlraYw1/yZp6YuDY77YtvbN0dmDA==}
    engines: {node: '>=8'}

  shebang-regex@3.0.0:
    resolution: {integrity: sha512-7++dFhtcx3353uBaq8DDR4NuxBetBzC7ZQOhmTQInHEd6bSrXdiEyzCvG07Z44UYdLShWUyXt5M/yhz8ekcb1A==}
    engines: {node: '>=8'}

  signal-exit@3.0.7:
    resolution: {integrity: sha512-wnD2ZE+l+SPC/uoS0vXeE9L1+0wuaMqKlfz9AMUo38JsyLSBWSFcHR1Rri62LZc12vLr1gb3jl7iwQhgwpAbGQ==}

  sprintf-js@1.0.3:
    resolution: {integrity: sha512-D9cPgkvLlV3t3IzL0D0YLvGA9Ahk4PcvVwUbN0dSGr1aP0Nrt4AEnTUbuGvquEC0mA64Gqt1fzirlRs5ibXx8g==}

  strip-bom-string@1.0.0:
    resolution: {integrity: sha512-uCC2VHvQRYu+lMh4My/sFNmF2klFymLX1wHJeXnbEJERpV/ZsVuonzerjfrGpIGF7LBVa1O7i9kjiWvJiFck8g==}
    engines: {node: '>=0.10.0'}

  strip-final-newline@2.0.0:
    resolution: {integrity: sha512-BrpvfNAE3dcvq7ll3xVumzjKjZQ5tI1sEUIKr3Uoks0XUl45St3FlatVqef9prk4jRDzhW6WZg+3bk93y6pLjA==}
    engines: {node: '>=6'}

  tinyglobby@0.2.10:
    resolution: {integrity: sha512-Zc+8eJlFMvgatPZTl6A9L/yht8QqdmUNtURHaKZLmKBE12hNPSrqNkUp2cs3M/UKmNVVAMFQYSjYIVHDjW5zew==}
    engines: {node: '>=12.0.0'}

  trough@2.2.0:
    resolution: {integrity: sha512-tmMpK00BjZiUyVyvrBK7knerNgmgvcV/KLVyuma/SC+TQN167GrMRciANTz09+k3zW8L8t60jWO1GpfkZdjTaw==}

  tslib@2.8.1:
    resolution: {integrity: sha512-oJFu94HQb+KVduSUQL7wnpmqnfmLsOA/nAh6b6EH0wCEoK0/mPeXU6c3wKDV83MkOuHPRHtSXKKU99IBazS/2w==}

  typescript@5.7.3:
    resolution: {integrity: sha512-84MVSjMEHP+FQRPy3pX9sTVV/INIex71s9TL2Gm5FG/WG1SqXeKyZ0k7/blY/4FdOzI12CBy1vGc4og/eus0fw==}
    engines: {node: '>=14.17'}
    hasBin: true

  undici-types@6.20.0:
    resolution: {integrity: sha512-Ny6QZ2Nju20vw1SRHe3d9jVu6gJ+4e3+MMpqu7pqE5HT6WsTSlce++GQmK5UXS8mzV8DSYHrQH+Xrf2jVcuKNg==}

  unified@10.1.2:
    resolution: {integrity: sha512-pUSWAi/RAnVy1Pif2kAoeWNBa3JVrx0MId2LASj8G+7AiHWoKZNTomq6LG326T68U7/e263X6fTdcXIy7XnF7Q==}

  unist-util-stringify-position@3.0.3:
    resolution: {integrity: sha512-k5GzIBZ/QatR8N5X2y+drfpWG8IDBzdnVj6OInRNWm1oXrzydiaAT2OQiA8DPRRZyAKb9b6I2a6PxYklZD0gKg==}

  universalify@2.0.1:
    resolution: {integrity: sha512-gptHNQghINnc/vTGIk0SOFGFNXw7JVrlRUtConJRlvaw6DuX0wO5Jeko9sWrMBhh+PsYAZ7oXAiOnf/UKogyiw==}
    engines: {node: '>= 10.0.0'}

  vfile-message@3.1.4:
    resolution: {integrity: sha512-fa0Z6P8HUrQN4BZaX05SIVXic+7kE3b05PWAtPuYP9QLHsLKYR7/AlLW3NtOrpXRLeawpDLMsVkmk5DG0NXgWw==}

  vfile@5.3.7:
    resolution: {integrity: sha512-r7qlzkgErKjobAmyNIkkSpizsFPYiUPuJb5pNW1RB4JcYVZhs4lIbVqk8XPk033CV/1z8ss5pkax8SuhGpcG8g==}

  which@2.0.2:
    resolution: {integrity: sha512-BLI3Tl1TW3Pvl70l3yq3Y64i+awpwXqsGBYWkkqMtnbXgrMD+yj7rhW0kuEDxzJaYXGjEW5ogapKNMEKNMjibA==}
    engines: {node: '>= 8'}
    hasBin: true

snapshots:

  '@jridgewell/sourcemap-codec@1.5.0': {}

  '@module-federation/error-codes@0.8.4': {}

  '@module-federation/runtime-tools@0.8.4':
    dependencies:
      '@module-federation/runtime': 0.8.4
      '@module-federation/webpack-bundler-runtime': 0.8.4

  '@module-federation/runtime@0.8.4':
    dependencies:
      '@module-federation/error-codes': 0.8.4
      '@module-federation/sdk': 0.8.4

  '@module-federation/sdk@0.8.4':
    dependencies:
      isomorphic-rslog: 0.0.6

  '@module-federation/webpack-bundler-runtime@0.8.4':
    dependencies:
      '@module-federation/runtime': 0.8.4
      '@module-federation/sdk': 0.8.4

  '@rsbuild/core@1.2.0':
    dependencies:
      '@rspack/core': 1.2.0(@swc/helpers@0.5.15)
      '@rspack/lite-tapable': 1.0.1
      '@swc/helpers': 0.5.15
      core-js: 3.40.0
    transitivePeerDependencies:
      - '@rspack/tracing'

  '@rsbuild/core@1.2.3':
    dependencies:
      '@rspack/core': 1.2.2(@swc/helpers@0.5.15)
      '@rspack/lite-tapable': 1.0.1
      '@swc/helpers': 0.5.15
      core-js: 3.40.0
    transitivePeerDependencies:
      - '@rspack/tracing'

  '@rslib/core@0.4.0(typescript@5.7.3)':
    dependencies:
      '@rsbuild/core': 1.2.3
      rsbuild-plugin-dts: 0.4.0(@rsbuild/core@1.2.3)(typescript@5.7.3)
      tinyglobby: 0.2.10
    optionalDependencies:
      typescript: 5.7.3
    transitivePeerDependencies:
      - '@rspack/tracing'

  '@rspack/binding-darwin-arm64@1.2.0':
    optional: true

  '@rspack/binding-darwin-arm64@1.2.2':
    optional: true

  '@rspack/binding-darwin-x64@1.2.0':
    optional: true

  '@rspack/binding-darwin-x64@1.2.2':
    optional: true

  '@rspack/binding-linux-arm64-gnu@1.2.0':
    optional: true

  '@rspack/binding-linux-arm64-gnu@1.2.2':
    optional: true

  '@rspack/binding-linux-arm64-musl@1.2.0':
    optional: true

  '@rspack/binding-linux-arm64-musl@1.2.2':
    optional: true

  '@rspack/binding-linux-x64-gnu@1.2.0':
    optional: true

  '@rspack/binding-linux-x64-gnu@1.2.2':
    optional: true

  '@rspack/binding-linux-x64-musl@1.2.0':
    optional: true

  '@rspack/binding-linux-x64-musl@1.2.2':
    optional: true

  '@rspack/binding-win32-arm64-msvc@1.2.0':
    optional: true

  '@rspack/binding-win32-arm64-msvc@1.2.2':
    optional: true

  '@rspack/binding-win32-ia32-msvc@1.2.0':
    optional: true

  '@rspack/binding-win32-ia32-msvc@1.2.2':
    optional: true

  '@rspack/binding-win32-x64-msvc@1.2.0':
    optional: true

  '@rspack/binding-win32-x64-msvc@1.2.2':
    optional: true

  '@rspack/binding@1.2.0':
    optionalDependencies:
      '@rspack/binding-darwin-arm64': 1.2.0
      '@rspack/binding-darwin-x64': 1.2.0
      '@rspack/binding-linux-arm64-gnu': 1.2.0
      '@rspack/binding-linux-arm64-musl': 1.2.0
      '@rspack/binding-linux-x64-gnu': 1.2.0
      '@rspack/binding-linux-x64-musl': 1.2.0
      '@rspack/binding-win32-arm64-msvc': 1.2.0
      '@rspack/binding-win32-ia32-msvc': 1.2.0
      '@rspack/binding-win32-x64-msvc': 1.2.0

  '@rspack/binding@1.2.2':
    optionalDependencies:
      '@rspack/binding-darwin-arm64': 1.2.2
      '@rspack/binding-darwin-x64': 1.2.2
      '@rspack/binding-linux-arm64-gnu': 1.2.2
      '@rspack/binding-linux-arm64-musl': 1.2.2
      '@rspack/binding-linux-x64-gnu': 1.2.2
      '@rspack/binding-linux-x64-musl': 1.2.2
      '@rspack/binding-win32-arm64-msvc': 1.2.2
      '@rspack/binding-win32-ia32-msvc': 1.2.2
      '@rspack/binding-win32-x64-msvc': 1.2.2

  '@rspack/core@1.2.0(@swc/helpers@0.5.15)':
    dependencies:
      '@module-federation/runtime-tools': 0.8.4
      '@rspack/binding': 1.2.0
      '@rspack/lite-tapable': 1.0.1
      caniuse-lite: 1.0.30001679
    optionalDependencies:
      '@swc/helpers': 0.5.15

  '@rspack/core@1.2.2(@swc/helpers@0.5.15)':
    dependencies:
      '@module-federation/runtime-tools': 0.8.4
      '@rspack/binding': 1.2.2
      '@rspack/lite-tapable': 1.0.1
      caniuse-lite: 1.0.30001679
    optionalDependencies:
      '@swc/helpers': 0.5.15

  '@rspack/lite-tapable@1.0.1': {}

  '@rspress/shared@1.40.2':
    dependencies:
      '@rsbuild/core': 1.2.0
      chalk: 5.4.1
      execa: 5.1.1
      fs-extra: 11.2.0
      gray-matter: 4.0.3
      lodash-es: 4.17.21
      unified: 10.1.2
    transitivePeerDependencies:
      - '@rspack/tracing'

  '@swc/helpers@0.5.15':
    dependencies:
      tslib: 2.8.1

  '@types/node@22.13.0':
    dependencies:
      undici-types: 6.20.0

  '@types/unist@2.0.10': {}

  argparse@1.0.10:
    dependencies:
      sprintf-js: 1.0.3

  bail@2.0.2: {}

  caniuse-lite@1.0.30001679: {}

  chalk@5.4.1: {}

  core-js@3.40.0: {}

  cross-spawn@7.0.3:
    dependencies:
      path-key: 3.1.1
      shebang-command: 2.0.0
      which: 2.0.2

  esprima@4.0.1: {}

  execa@5.1.1:
    dependencies:
      cross-spawn: 7.0.3
      get-stream: 6.0.1
      human-signals: 2.1.0
      is-stream: 2.0.1
      merge-stream: 2.0.0
      npm-run-path: 4.0.1
      onetime: 5.1.2
      signal-exit: 3.0.7
      strip-final-newline: 2.0.0

  extend-shallow@2.0.1:
    dependencies:
      is-extendable: 0.1.1

  extend@3.0.2: {}

  fdir@6.4.2(picomatch@4.0.2):
    optionalDependencies:
      picomatch: 4.0.2

  fs-extra@11.2.0:
    dependencies:
      graceful-fs: 4.2.10
      jsonfile: 6.1.0
      universalify: 2.0.1

  get-stream@6.0.1: {}

  graceful-fs@4.2.10: {}

  gray-matter@4.0.3:
    dependencies:
      js-yaml: 3.14.1
      kind-of: 6.0.3
      section-matter: 1.0.0
      strip-bom-string: 1.0.0

  human-signals@2.1.0: {}

  is-buffer@2.0.5: {}

  is-extendable@0.1.1: {}

  is-plain-obj@4.1.0: {}

  is-stream@2.0.1: {}

  isexe@2.0.0: {}

  isomorphic-rslog@0.0.6: {}

  js-yaml@3.14.1:
    dependencies:
      argparse: 1.0.10
      esprima: 4.0.1

  jsonfile@6.1.0:
    dependencies:
      universalify: 2.0.1
    optionalDependencies:
      graceful-fs: 4.2.10

  kind-of@6.0.3: {}

  lodash-es@4.17.21: {}

  magic-string@0.30.17:
    dependencies:
      '@jridgewell/sourcemap-codec': 1.5.0

  merge-stream@2.0.0: {}

  mimic-fn@2.1.0: {}

  npm-run-path@4.0.1:
    dependencies:
      path-key: 3.1.1

  onetime@5.1.2:
    dependencies:
      mimic-fn: 2.1.0

  path-key@3.1.1: {}

  picocolors@1.1.1: {}

  picomatch@4.0.2: {}

  prettier@3.4.2: {}

  rsbuild-plugin-dts@0.4.0(@rsbuild/core@1.2.3)(typescript@5.7.3):
    dependencies:
      '@rsbuild/core': 1.2.3
      magic-string: 0.30.17
      picocolors: 1.1.1
      tinyglobby: 0.2.10
    optionalDependencies:
      typescript: 5.7.3

  section-matter@1.0.0:
    dependencies:
      extend-shallow: 2.0.1
      kind-of: 6.0.3

  shebang-command@2.0.0:
    dependencies:
      shebang-regex: 3.0.0

  shebang-regex@3.0.0: {}

  signal-exit@3.0.7: {}

  sprintf-js@1.0.3: {}

  strip-bom-string@1.0.0: {}

  strip-final-newline@2.0.0: {}

  tinyglobby@0.2.10:
    dependencies:
      fdir: 6.4.2(picomatch@4.0.2)
      picomatch: 4.0.2

  trough@2.2.0: {}

  tslib@2.8.1: {}

  typescript@5.7.3: {}

  undici-types@6.20.0: {}

  unified@10.1.2:
    dependencies:
      '@types/unist': 2.0.10
      bail: 2.0.2
      extend: 3.0.2
      is-buffer: 2.0.5
      is-plain-obj: 4.1.0
      trough: 2.2.0
      vfile: 5.3.7

  unist-util-stringify-position@3.0.3:
    dependencies:
      '@types/unist': 2.0.10

  universalify@2.0.1: {}

  vfile-message@3.1.4:
    dependencies:
      '@types/unist': 2.0.10
      unist-util-stringify-position: 3.0.3

  vfile@5.3.7:
    dependencies:
      '@types/unist': 2.0.10
      is-buffer: 2.0.5
      unist-util-stringify-position: 3.0.3
      vfile-message: 3.1.4

  which@2.0.2:
    dependencies:
      isexe: 2.0.0
